
Microsoft Visual Studio Solution File, Format Version 12.00
# Visual Studio Version 17
VisualStudioVersion = 17.0.32126.317
MinimumVisualStudioVersion = 10.0.40219.1
Project("{8BC9CEB8-8B4A-11D0-8D11-00A0C91BC942}") = "lab.8(zavd_2_recurs)", "lab.8(zavd_2_recurs)\lab.8(zavd_2_recurs).vcxproj", "{4E036006-BEB7-431A-A003-4953A89B04A5}"
EndProject
Project("{8BC9CEB8-8B4A-11D0-8D11-00A0C91BC942}") = "UnitTest1", "UnitTest1\UnitTest1.vcxproj", "{297D55F4-A240-490E-A824-1E82A1AF2713}"
EndProject
Global
	GlobalSection(SolutionConfigurationPlatforms) = preSolution
		Debug|x64 = Debug|x64
		Debug|x86 = Debug|x86
		Release|x64 = Release|x64
		Release|x86 = Release|x86
	EndGlobalSection
	GlobalSection(ProjectConfigurationPlatforms) = postSolution
		{4E036006-BEB7-431A-A003-4953A89B04A5}.Debug|x64.ActiveCfg = Debug|x64
		{4E036006-BEB7-431A-A003-4953A89B04A5}.Debug|x64.Build.0 = Debug|x64
		{4E036006-BEB7-431A-A003-4953A89B04A5}.Debug|x86.ActiveCfg = Debug|Win32
		{4E036006-BEB7-431A-A003-4953A89B04A5}.Debug|x86.Build.0 = Debug|Win32
		{4E036006-BEB7-431A-A003-4953A89B04A5}.Release|x64.ActiveCfg = Release|x64
		{4E036006-BEB7-431A-A003-4953A89B04A5}.Release|x64.Build.0 = Release|x64
		{4E036006-BEB7-431A-A003-4953A89B04A5}.Release|x86.ActiveCfg = Release|Win32
		{4E036006-BEB7-431A-A003-4953A89B04A5}.Release|x86.Build.0 = Release|Win32
		{297D55F4-A240-490E-A824-1E82A1AF2713}.Debug|x64.ActiveCfg = Debug|x64
		{297D55F4-A240-490E-A824-1E82A1AF2713}.Debug|x64.Build.0 = Debug|x64
		{297D55F4-A240-490E-A824-1E82A1AF2713}.Debug|x86.ActiveCfg = Debug|Win32
		{297D55F4-A240-490E-A824-1E82A1AF2713}.Debug|x86.Build.0 = Debug|Win32
		{297D55F4-A240-490E-A824-1E82A1AF2713}.Release|x64.ActiveCfg = Release|x64
		{297D55F4-A240-490E-A824-1E82A1AF2713}.Release|x64.Build.0 = Release|x64
		{297D55F4-A240-490E-A824-1E82A1AF2713}.Release|x86.ActiveCfg = Release|Win32
		{297D55F4-A240-490E-A824-1E82A1AF2713}.Release|x86.Build.0 = Release|Win32
	EndGlobalSection
	GlobalSection(SolutionProperties) = preSolution
		HideSolutionNode = FALSE
	EndGlobalSection
	GlobalSection(ExtensibilityGlobals) = postSolution
		SolutionGuid = {635ADF34-7630-4DFD-A019-0CBF645EF87F}
	EndGlobalSection
EndGlobal
